
Microsoft Visual Studio Solution File, Format Version 12.00
# Visual Studio 2013
VisualStudioVersion = 12.0.30110.0
MinimumVisualStudioVersion = 10.0.40219.1
Project("{FAE04EC0-301F-11D3-BF4B-00C04F79EFBC}") = "KPUScrapper", "KPUScrapper\KPUScrapper.csproj", "{5445304B-0F56-41A8-8685-E3E090E4D5D2}"
EndProject
Project("{54435603-DBB4-11D2-8724-00A0C9A8B90C}") = "KPUScrapper-Installer", "KPUScrapper-Installer\KPUScrapper-Installer.vdproj", "{52851215-EF68-4B2D-9D3C-8121A1F292B6}"
EndProject
Global
	GlobalSection(SolutionConfigurationPlatforms) = preSolution
		Debug|Any CPU = Debug|Any CPU
		Release|Any CPU = Release|Any CPU
	EndGlobalSection
	GlobalSection(ProjectConfigurationPlatforms) = postSolution
		{5445304B-0F56-41A8-8685-E3E090E4D5D2}.Debug|Any CPU.ActiveCfg = Debug|Any CPU
		{5445304B-0F56-41A8-8685-E3E090E4D5D2}.Debug|Any CPU.Build.0 = Debug|Any CPU
		{5445304B-0F56-41A8-8685-E3E090E4D5D2}.Release|Any CPU.ActiveCfg = Release|Any CPU
		{5445304B-0F56-41A8-8685-E3E090E4D5D2}.Release|Any CPU.Build.0 = Release|Any CPU
		{52851215-EF68-4B2D-9D3C-8121A1F292B6}.Debug|Any CPU.ActiveCfg = Debug
		{52851215-EF68-4B2D-9D3C-8121A1F292B6}.Release|Any CPU.ActiveCfg = Release
	EndGlobalSection
	GlobalSection(SolutionProperties) = preSolution
		HideSolutionNode = FALSE
	EndGlobalSection
EndGlobal
